
Microsoft Visual Studio Solution File, Format Version 12.00
# Visual Studio Version 17
VisualStudioVersion = 17.4.33110.190
MinimumVisualStudioVersion = 10.0.40219.1
Project("{FAE04EC0-301F-11D3-BF4B-00C04F79EFBC}") = "Task4_ReadingList.API", "Task4_ReadingList.API\Task4_ReadingList.API.csproj", "{0B68B268-D4DC-48E9-A150-DA2D150FBA2D}"
EndProject
Project("{FAE04EC0-301F-11D3-BF4B-00C04F79EFBC}") = "Task4_ReadingList.DataAccess", "Task4_ReadingList.DataAccess\Task4_ReadingList.DataAccess.csproj", "{3D4ABB14-E814-4DD5-B59B-C67F086291EE}"
EndProject
Project("{FAE04EC0-301F-11D3-BF4B-00C04F79EFBC}") = "Task4_ReadingList.Service", "Task4_ReadingList.Service\Task4_ReadingList.Service.csproj", "{DEA36B6B-CC6E-48D1-B651-F155C58ACC04}"
EndProject
Global
	GlobalSection(SolutionConfigurationPlatforms) = preSolution
		Debug|Any CPU = Debug|Any CPU
		Release|Any CPU = Release|Any CPU
	EndGlobalSection
	GlobalSection(ProjectConfigurationPlatforms) = postSolution
		{0B68B268-D4DC-48E9-A150-DA2D150FBA2D}.Debug|Any CPU.ActiveCfg = Debug|Any CPU
		{0B68B268-D4DC-48E9-A150-DA2D150FBA2D}.Debug|Any CPU.Build.0 = Debug|Any CPU
		{0B68B268-D4DC-48E9-A150-DA2D150FBA2D}.Release|Any CPU.ActiveCfg = Release|Any CPU
		{0B68B268-D4DC-48E9-A150-DA2D150FBA2D}.Release|Any CPU.Build.0 = Release|Any CPU
		{3D4ABB14-E814-4DD5-B59B-C67F086291EE}.Debug|Any CPU.ActiveCfg = Debug|Any CPU
		{3D4ABB14-E814-4DD5-B59B-C67F086291EE}.Debug|Any CPU.Build.0 = Debug|Any CPU
		{3D4ABB14-E814-4DD5-B59B-C67F086291EE}.Release|Any CPU.ActiveCfg = Release|Any CPU
		{3D4ABB14-E814-4DD5-B59B-C67F086291EE}.Release|Any CPU.Build.0 = Release|Any CPU
		{DEA36B6B-CC6E-48D1-B651-F155C58ACC04}.Debug|Any CPU.ActiveCfg = Debug|Any CPU
		{DEA36B6B-CC6E-48D1-B651-F155C58ACC04}.Debug|Any CPU.Build.0 = Debug|Any CPU
		{DEA36B6B-CC6E-48D1-B651-F155C58ACC04}.Release|Any CPU.ActiveCfg = Release|Any CPU
		{DEA36B6B-CC6E-48D1-B651-F155C58ACC04}.Release|Any CPU.Build.0 = Release|Any CPU
	EndGlobalSection
	GlobalSection(SolutionProperties) = preSolution
		HideSolutionNode = FALSE
	EndGlobalSection
	GlobalSection(ExtensibilityGlobals) = postSolution
		SolutionGuid = {63AC00A6-5F16-4C83-8526-37D5F05EE2B4}
	EndGlobalSection
EndGlobal
